
Microsoft Visual Studio Solution File, Format Version 11.00
# Visual Studio 2010
Project("{8BC9CEB8-8B4A-11D0-8D11-00A0C91BC942}") = "Console", "Console\Console.vcxproj", "{FE9912E7-9E3A-4B4E-B2D4-FB1B131851C4}"
EndProject
Project("{8BC9CEB8-8B4A-11D0-8D11-00A0C91BC942}") = "Gui", "Gui\Gui.vcxproj", "{0C53BAA9-4470-4D78-AAD7-5FBC107439A8}"
EndProject
Global
	GlobalSection(SolutionConfigurationPlatforms) = preSolution
		Debug|Win32 = Debug|Win32
		Release|Win32 = Release|Win32
	EndGlobalSection
	GlobalSection(ProjectConfigurationPlatforms) = postSolution
		{FE9912E7-9E3A-4B4E-B2D4-FB1B131851C4}.Debug|Win32.ActiveCfg = Debug|Win32
		{FE9912E7-9E3A-4B4E-B2D4-FB1B131851C4}.Debug|Win32.Build.0 = Debug|Win32
		{FE9912E7-9E3A-4B4E-B2D4-FB1B131851C4}.Release|Win32.ActiveCfg = Release|Win32
		{FE9912E7-9E3A-4B4E-B2D4-FB1B131851C4}.Release|Win32.Build.0 = Release|Win32
		{0C53BAA9-4470-4D78-AAD7-5FBC107439A8}.Debug|Win32.ActiveCfg = Debug|Win32
		{0C53BAA9-4470-4D78-AAD7-5FBC107439A8}.Debug|Win32.Build.0 = Debug|Win32
		{0C53BAA9-4470-4D78-AAD7-5FBC107439A8}.Release|Win32.ActiveCfg = Release|Win32
		{0C53BAA9-4470-4D78-AAD7-5FBC107439A8}.Release|Win32.Build.0 = Release|Win32
	EndGlobalSection
	GlobalSection(SolutionProperties) = preSolution
		HideSolutionNode = FALSE
	EndGlobalSection
EndGlobal
